{
  "object": {
    "pins": [
      {
        "package": "KituraContracts",
        "repositoryURL": "https://github.com/IBM-Swift/KituraContracts.git",
        "state": {
          "branch": null,
          "revision": "acfad5b37e70590261c1181b1ad29758d20bf167",
          "version": "1.1.1"
        }
      },
      {
        "package": "LoggerAPI",
        "repositoryURL": "https://github.com/IBM-Swift/LoggerAPI.git",
        "state": {
          "branch": null,
          "revision": "d0ccb4158b83f8692531892a9c894bb757593c6f",
          "version": "1.8.0"
        }
      },
      {
        "package": "SwiftKuery",
        "repositoryURL": "https://github.com/IBM-Swift/Swift-Kuery.git",
        "state": {
          "branch": null,
          "revision": "e89beba7d46ee9525e85521cdf20358bf0057e97",
          "version": "3.0.0"
        }
      },
      {
        "package": "SwiftKueryORM",
        "repositoryURL": "https://github.com/IBM-Swift/Swift-Kuery-ORM.git",
        "state": {
          "branch": null,
          "revision": "a4a2112fc90f88b51f4aac2c0fb0c2b98d98551d",
          "version": "0.4.0"
        }
      },
      {
        "package": "SwiftKuerySQLite",
        "repositoryURL": "https://github.com/IBM-Swift/Swift-Kuery-SQLite.git",
        "state": {
          "branch": null,
          "revision": "4e0163e4e28031bfaadf52989d454eab55112739",
          "version": "2.0.0"
        }
      },
      {
        "package": "swift-nio",
        "repositoryURL": "https://github.com/apple/swift-nio.git",
        "state": {
          "branch": null,
          "revision": "a20e129c22ad00a51c902dca54a5456f90664780",
          "version": "1.12.0"
        }
      },
      {
        "package": "swift-nio-zlib-support",
        "repositoryURL": "https://github.com/apple/swift-nio-zlib-support.git",
        "state": {
          "branch": null,
          "revision": "37760e9a52030bb9011972c5213c3350fa9d41fd",
          "version": "1.0.0"
        }
      },
      {
        "package": "SwiftPM",
        "repositoryURL": "https://github.com/apple/swift-package-manager.git",
        "state": {
          "branch": null,
          "revision": "235aacc514cb81a6881364b0fedcb3dd083228f3",
          "version": "0.3.0"
        }
      },
      {
        "package": "TypeDecoder",
        "repositoryURL": "https://github.com/IBM-Swift/TypeDecoder.git",
        "state": {
          "branch": null,
          "revision": "2fd9b413df610a526ae5291aaf860cbb8b1856b5",
          "version": "1.3.0"
        }
      }
    ]
  },
  "version": 1
}
