{
  "object": {
    "pins": [
      {
        "package": "swift-nio",
        "repositoryURL": "https://github.com/apple/swift-nio.git",
        "state": {
          "branch": null,
          "revision": "03c541a24dd0558c942b15d8464eb75d70a921c4",
          "version": "1.12.1"
        }
      },
      {
        "package": "swift-nio-zlib-support",
        "repositoryURL": "https://github.com/apple/swift-nio-zlib-support.git",
        "state": {
          "branch": null,
          "revision": "37760e9a52030bb9011972c5213c3350fa9d41fd",
          "version": "1.0.0"
        }
      },
      {
        "package": "SwiftPM",
        "repositoryURL": "https://github.com/apple/swift-package-manager.git",
        "state": {
          "branch": null,
          "revision": "235aacc514cb81a6881364b0fedcb3dd083228f3",
          "version": "0.3.0"
        }
      },
      {
        "package": "Unarchiver",
        "repositoryURL": "https://github.com/KrakenCL/Unarchiver.git",
        "state": {
          "branch": null,
          "revision": "7c881c54cd3b784957b566146472de6befca5c59",
          "version": "0.0.1"
        }
      }
    ]
  },
  "version": 1
}
